
Microsoft Visual Studio Solution File, Format Version 12.00
# Visual Studio 2012
Project("{F184B08F-C81C-45F6-A57F-5ABD9991F28F}") = "PATopUp", "PATopUp\PATopUp.vbproj", "{56EFA83E-16FF-4D76-8913-742DDB5B5E22}"
EndProject
Global
	GlobalSection(SolutionConfigurationPlatforms) = preSolution
		Debug|Any CPU = Debug|Any CPU
		Release|Any CPU = Release|Any CPU
	EndGlobalSection
	GlobalSection(ProjectConfigurationPlatforms) = postSolution
		{56EFA83E-16FF-4D76-8913-742DDB5B5E22}.Debug|Any CPU.ActiveCfg = Debug|Any CPU
		{56EFA83E-16FF-4D76-8913-742DDB5B5E22}.Debug|Any CPU.Build.0 = Debug|Any CPU
		{56EFA83E-16FF-4D76-8913-742DDB5B5E22}.Release|Any CPU.ActiveCfg = Release|Any CPU
		{56EFA83E-16FF-4D76-8913-742DDB5B5E22}.Release|Any CPU.Build.0 = Release|Any CPU
	EndGlobalSection
	GlobalSection(SolutionProperties) = preSolution
		HideSolutionNode = FALSE
	EndGlobalSection
EndGlobal
